
Microsoft Visual Studio Solution File, Format Version 12.00
# Visual Studio Version 16
VisualStudioVersion = 16.0.29411.108
MinimumVisualStudioVersion = 10.0.40219.1
Project("{FAE04EC0-301F-11D3-BF4B-00C04F79EFBC}") = "TaskNote", "TaskNote.csproj", "{B83CEFD0-F453-485A-8339-2D9D5DD804EA}"
EndProject
Global
	GlobalSection(SolutionConfigurationPlatforms) = preSolution
		Debug|Any CPU = Debug|Any CPU
		Release|Any CPU = Release|Any CPU
	EndGlobalSection
	GlobalSection(ProjectConfigurationPlatforms) = postSolution
		{B83CEFD0-F453-485A-8339-2D9D5DD804EA}.Debug|Any CPU.ActiveCfg = Debug|Any CPU
		{B83CEFD0-F453-485A-8339-2D9D5DD804EA}.Debug|Any CPU.Build.0 = Debug|Any CPU
		{B83CEFD0-F453-485A-8339-2D9D5DD804EA}.Release|Any CPU.ActiveCfg = Release|Any CPU
		{B83CEFD0-F453-485A-8339-2D9D5DD804EA}.Release|Any CPU.Build.0 = Release|Any CPU
	EndGlobalSection
	GlobalSection(SolutionProperties) = preSolution
		HideSolutionNode = FALSE
	EndGlobalSection
	GlobalSection(ExtensibilityGlobals) = postSolution
		SolutionGuid = {8CEE9BFA-AE19-4280-9D6E-9F6526ED89E8}
	EndGlobalSection
EndGlobal
